
Microsoft Visual Studio Solution File, Format Version 12.00
# Visual Studio 15
VisualStudioVersion = 15.0.28010.2003
MinimumVisualStudioVersion = 10.0.40219.1
Project("{FAE04EC0-301F-11D3-BF4B-00C04F79EFBC}") = "Collection", "Collection\Collection.csproj", "{144969ED-5805-44B9-ADB8-187EB90B6FEC}"
EndProject
Global
	GlobalSection(SolutionConfigurationPlatforms) = preSolution
		Debug|Any CPU = Debug|Any CPU
		Release|Any CPU = Release|Any CPU
	EndGlobalSection
	GlobalSection(ProjectConfigurationPlatforms) = postSolution
		{144969ED-5805-44B9-ADB8-187EB90B6FEC}.Debug|Any CPU.ActiveCfg = Debug|Any CPU
		{144969ED-5805-44B9-ADB8-187EB90B6FEC}.Debug|Any CPU.Build.0 = Debug|Any CPU
		{144969ED-5805-44B9-ADB8-187EB90B6FEC}.Release|Any CPU.ActiveCfg = Release|Any CPU
		{144969ED-5805-44B9-ADB8-187EB90B6FEC}.Release|Any CPU.Build.0 = Release|Any CPU
	EndGlobalSection
	GlobalSection(SolutionProperties) = preSolution
		HideSolutionNode = FALSE
	EndGlobalSection
	GlobalSection(ExtensibilityGlobals) = postSolution
		SolutionGuid = {4EFCAE3B-BE8C-4369-A9D4-BCC674330700}
	EndGlobalSection
EndGlobal
